# This is a Gradle generated file for dependency locking.
# Manual edits can break the build and are not advised.
# This file is expected to be part of source control.
pentaho:mondrian:9.3.0.9-878=compileClasspath
pentaho:pentaho-platform-api:9.3.0.9-878=compileClasspath
pentaho:pentaho-platform-core:9.3.0.9-878=compileClasspath
empty=annotationProcessor,runtimeClasspath,testAnnotationProcessor,testCompileClasspath,testRuntimeClasspath
